
Microsoft Visual Studio Solution File, Format Version 12.00
# Visual Studio 15
VisualStudioVersion = 15.0.26430.16
MinimumVisualStudioVersion = 10.0.40219.1
Project("{F184B08F-C81C-45F6-A57F-5ABD9991F28F}") = "PUBG Sensitivity Converter", "PUBG Sensitivity Converter\PUBG Sensitivity Converter.vbproj", "{28DEE23D-D407-44F9-A1B8-5B778531405B}"
EndProject
Global
	GlobalSection(SolutionConfigurationPlatforms) = preSolution
		Debug|Any CPU = Debug|Any CPU
		Release|Any CPU = Release|Any CPU
	EndGlobalSection
	GlobalSection(ProjectConfigurationPlatforms) = postSolution
		{28DEE23D-D407-44F9-A1B8-5B778531405B}.Debug|Any CPU.ActiveCfg = Debug|Any CPU
		{28DEE23D-D407-44F9-A1B8-5B778531405B}.Debug|Any CPU.Build.0 = Debug|Any CPU
		{28DEE23D-D407-44F9-A1B8-5B778531405B}.Release|Any CPU.ActiveCfg = Release|Any CPU
		{28DEE23D-D407-44F9-A1B8-5B778531405B}.Release|Any CPU.Build.0 = Release|Any CPU
	EndGlobalSection
	GlobalSection(SolutionProperties) = preSolution
		HideSolutionNode = FALSE
	EndGlobalSection
EndGlobal
